
Microsoft Visual Studio Solution File, Format Version 12.00
# Visual Studio Version 17
VisualStudioVersion = 17.0.31919.166
MinimumVisualStudioVersion = 10.0.40219.1
Project("{FAE04EC0-301F-11D3-BF4B-00C04F79EFBC}") = "UC9_Aplicativo_de_Login", "UC9_Aplicativo_de_Login\UC9_Aplicativo_de_Login.csproj", "{C97ECA49-071A-4B11-8E20-2380A4D7127A}"
EndProject
Global
	GlobalSection(SolutionConfigurationPlatforms) = preSolution
		Debug|Any CPU = Debug|Any CPU
		Release|Any CPU = Release|Any CPU
	EndGlobalSection
	GlobalSection(ProjectConfigurationPlatforms) = postSolution
		{C97ECA49-071A-4B11-8E20-2380A4D7127A}.Debug|Any CPU.ActiveCfg = Debug|Any CPU
		{C97ECA49-071A-4B11-8E20-2380A4D7127A}.Debug|Any CPU.Build.0 = Debug|Any CPU
		{C97ECA49-071A-4B11-8E20-2380A4D7127A}.Release|Any CPU.ActiveCfg = Release|Any CPU
		{C97ECA49-071A-4B11-8E20-2380A4D7127A}.Release|Any CPU.Build.0 = Release|Any CPU
	EndGlobalSection
	GlobalSection(SolutionProperties) = preSolution
		HideSolutionNode = FALSE
	EndGlobalSection
	GlobalSection(ExtensibilityGlobals) = postSolution
		SolutionGuid = {6AEC8AFA-A72D-4251-B300-401FA1CBA49A}
	EndGlobalSection
EndGlobal
